# THIS IS AN AUTOGENERATED FILE. DO NOT EDIT THIS FILE DIRECTLY.
# yarn lockfile v1


"@babel/code-frame@^7.10.4":
  "integrity" "sha512-vG6SvB6oYEhvgisZNFRmRCUkLz11c7rp+tbNTynGqc6mS1d5ATd/sGyV6W0KZZnXRKMTzZDRgQT3Ou9jhpAfUg=="
  "resolved" "https://registry.yarnpkg.com/@babel/code-frame/-/code-frame-7.10.4.tgz"
  "version" "7.10.4"
  dependencies:
    "@babel/highlight" "^7.10.4"

"@babel/helper-validator-identifier@^7.10.4":
  "integrity" "sha512-3U9y+43hz7ZM+rzG24Qe2mufW5KhvFg/NhnNph+i9mgCtdTCtMJuI1TMkrIUiK7Ix4PYlRF9I5dhqaLYA/ADXw=="
  "resolved" "https://registry.yarnpkg.com/@babel/helper-validator-identifier/-/helper-validator-identifier-7.10.4.tgz"
  "version" "7.10.4"

"@babel/highlight@^7.10.4":
  "integrity" "sha512-i6rgnR/YgPEQzZZnbTHHuZdlE8qyoBNalD6F+q4vAFlcMEcqmkoG+mPqJYJCo63qPf74+Y1UZsl3l6f7/RIkmA=="
  "resolved" "https://registry.yarnpkg.com/@babel/highlight/-/highlight-7.10.4.tgz"
  "version" "7.10.4"
  dependencies:
    "@babel/helper-validator-identifier" "^7.10.4"
    "chalk" "^2.0.0"
    "js-tokens" "^4.0.0"

"@fullhuman/postcss-purgecss@^3.0.0":
  "integrity" "sha512-cvuOgMwIVlfgWcUMqg5p33NbGUxLwMrKtDKkm3QRfOo4PRVNR6+y/xd9OyXTVZiB1bIpKNJ0ZObYPWD3DRQDtw=="
  "resolved" "https://registry.npmjs.org/@fullhuman/postcss-purgecss/-/postcss-purgecss-3.0.0.tgz"
  "version" "3.0.0"
  dependencies:
    "postcss" "7.0.32"
    "purgecss" "^3.0.0"

"@polka/url@^1.0.0-next.9":
  "integrity" "sha512-3NsZsJIA/22P3QUyrEDNA2D133H4j224twJrdipXN38dpnIOzAbUDtOwkcJ5pXmn75w7LSQDjA4tO9dm1XlqlA=="
  "resolved" "https://registry.yarnpkg.com/@polka/url/-/url-1.0.0-next.11.tgz"
  "version" "1.0.0-next.11"

"@rollup/plugin-commonjs@^16.0.0":
  "integrity" "sha512-LuNyypCP3msCGVQJ7ki8PqYdpjfEkE/xtFa5DqlF+7IBD0JsfMZ87C58heSwIMint58sAUZbt3ITqOmdQv/dXw=="
  "resolved" "https://registry.yarnpkg.com/@rollup/plugin-commonjs/-/plugin-commonjs-16.0.0.tgz"
  "version" "16.0.0"
  dependencies:
    "@rollup/pluginutils" "^3.1.0"
    "commondir" "^1.0.1"
    "estree-walker" "^2.0.1"
    "glob" "^7.1.6"
    "is-reference" "^1.2.1"
    "magic-string" "^0.25.7"
    "resolve" "^1.17.0"

"@rollup/plugin-node-resolve@^10.0.0":
  "integrity" "sha512-sNijGta8fqzwA1VwUEtTvWCx2E7qC70NMsDh4ZG13byAXYigBNZMxALhKUSycBks5gupJdq0lFrKumFrRZ8H3A=="
  "resolved" "https://registry.yarnpkg.com/@rollup/plugin-node-resolve/-/plugin-node-resolve-10.0.0.tgz"
  "version" "10.0.0"
  dependencies:
    "@rollup/pluginutils" "^3.1.0"
    "@types/resolve" "1.17.1"
    "builtin-modules" "^3.1.0"
    "deepmerge" "^4.2.2"
    "is-module" "^1.0.0"
    "resolve" "^1.17.0"

"@rollup/plugin-typescript@^6.1.0":
  "integrity" "sha512-hJxaiE6WyNOsK+fZpbFh9CUijZYqPQuAOWO5khaGTUkM8DYNNyA2TDlgamecE+qLOG1G1+CwbWMAx3rbqpp6xQ=="
  "resolved" "https://registry.yarnpkg.com/@rollup/plugin-typescript/-/plugin-typescript-6.1.0.tgz"
  "version" "6.1.0"
  dependencies:
    "@rollup/pluginutils" "^3.1.0"
    "resolve" "^1.17.0"

"@rollup/pluginutils@^3.1.0":
  "integrity" "sha512-GksZ6pr6TpIjHm8h9lSQ8pi8BE9VeubNT0OMJ3B5uZJ8pz73NPiqOtCog/x2/QzM1ENChPKxMDhiQuRHsqc+lg=="
  "resolved" "https://registry.yarnpkg.com/@rollup/pluginutils/-/pluginutils-3.1.0.tgz"
  "version" "3.1.0"
  dependencies:
    "@types/estree" "0.0.39"
    "estree-walker" "^1.0.1"
    "picomatch" "^2.2.2"

"@rollup/pluginutils@3 || 4":
  "integrity" "sha512-TrBhfJkFxA+ER+ew2U2/fHbebhLT/l/2pRk0hfj9KusXUuRXd2v0R58AfaZK9VXDQ4TogOSEmICVrQAA3zFnHQ=="
  "resolved" "https://registry.yarnpkg.com/@rollup/pluginutils/-/pluginutils-4.1.0.tgz"
  "version" "4.1.0"
  dependencies:
    "estree-walker" "^2.0.1"
    "picomatch" "^2.2.2"

"@tsconfig/svelte@^1.0.0":
  "integrity" "sha512-EBrpH2iXXfaf/9z81koiDYkp2mlwW2XzFcAqn6qh7VKyP8zBvHHAQzNhY+W9vH5arAjmGAm5g8ElWq6YmXm3ig=="
  "resolved" "https://registry.yarnpkg.com/@tsconfig/svelte/-/svelte-1.0.10.tgz"
  "version" "1.0.10"

"@types/estree@*":
  "integrity" "sha512-jnqIUKDUqJbDIUxm0Uj7bnlMnRm1T/eZ9N+AVMqhPgzrba2GhGG5o/jCTwmdPK709nEZsGoMzXEDUjcXHa3W0g=="
  "resolved" "https://registry.yarnpkg.com/@types/estree/-/estree-0.0.45.tgz"
  "version" "0.0.45"

"@types/estree@0.0.39":
  "integrity" "sha512-EYNwp3bU+98cpU4lAWYYL7Zz+2gryWH1qbdDTidVd6hkiR6weksdbMadyXKXNPEkQFhXM+hVO9ZygomHXp+AIw=="
  "resolved" "https://registry.yarnpkg.com/@types/estree/-/estree-0.0.39.tgz"
  "version" "0.0.39"

"@types/node@*":
  "integrity" "sha512-J32dgx2hw8vXrSbu4ZlVhn1Nm3GbeCFNw2FWL8S5QKucHGY0cyNwjdQdO+KMBZ4wpmC7KhLCiNsdk1RFRIYUQQ=="
  "resolved" "https://registry.yarnpkg.com/@types/node/-/node-14.14.10.tgz"
  "version" "14.14.10"

"@types/pug@^2.0.4":
  "integrity" "sha1-h3L80EGOPNLMFxVV1zAHQVBR9LI="
  "resolved" "https://registry.yarnpkg.com/@types/pug/-/pug-2.0.4.tgz"
  "version" "2.0.4"

"@types/resolve@1.17.1":
  "integrity" "sha512-yy7HuzQhj0dhGpD8RLXSZWEkLsV9ibvxvi6EiJ3bkqLAO1RGo0WbkWQiwpRlSFymTJRz0d3k5LM3kkx8ArDbLw=="
  "resolved" "https://registry.yarnpkg.com/@types/resolve/-/resolve-1.17.1.tgz"
  "version" "1.17.1"
  dependencies:
    "@types/node" "*"

"@types/sass@^1.16.0":
  "integrity" "sha512-2XZovu4NwcqmtZtsBR5XYLw18T8cBCnU2USFHTnYLLHz9fkhnoEMoDsqShJIOFsFhn5aJHjweiUUdTrDGujegA=="
  "resolved" "https://registry.yarnpkg.com/@types/sass/-/sass-1.16.0.tgz"
  "version" "1.16.0"
  dependencies:
    "@types/node" "*"

"acorn-node@^1.6.1":
  "integrity" "sha512-8mt+fslDufLYntIoPAaIMUe/lrbrehIiwmR3t2k9LljIzoigEPF27eLk2hy8zSGzmR/ogr7zbRKINMo1u0yh5A=="
  "resolved" "https://registry.npmjs.org/acorn-node/-/acorn-node-1.8.2.tgz"
  "version" "1.8.2"
  dependencies:
    "acorn" "^7.0.0"
    "acorn-walk" "^7.0.0"
    "xtend" "^4.0.2"

"acorn-walk@^7.0.0":
  "integrity" "sha512-OPdCF6GsMIP+Az+aWfAAOEt2/+iVDKE7oy6lJ098aoe59oAmK76qV6Gw60SbZ8jHuG2wH058GF4pLFbYamYrVA=="
  "resolved" "https://registry.npmjs.org/acorn-walk/-/acorn-walk-7.2.0.tgz"
  "version" "7.2.0"

"acorn@^7.0.0":
  "integrity" "sha512-nQyp0o1/mNdbTO1PO6kHkwSrmgZ0MT/jCCpNiwbUjGoRN4dlBhqJtoQuCnEOKzgTVwg0ZWiCoQy6SxMebQVh8A=="
  "resolved" "https://registry.npmjs.org/acorn/-/acorn-7.4.1.tgz"
  "version" "7.4.1"

"ansi-styles@^3.2.1":
  "integrity" "sha512-VT0ZI6kZRdTh8YyJw3SMbYm/u+NqfsAxEpWO0Pf9sq8/e94WxxOpPKx9FR1FlyCtOVDNOQ+8ntlqFxiRc+r5qA=="
  "resolved" "https://registry.npmjs.org/ansi-styles/-/ansi-styles-3.2.1.tgz"
  "version" "3.2.1"
  dependencies:
    "color-convert" "^1.9.0"

"ansi-styles@^4.1.0":
  "integrity" "sha512-zbB9rCJAT1rbjiVDb2hqKFHNYLxgtk8NURxZ3IZwD3F6NtxbXZQCnnSi1Lkx+IDohdPlFp222wVALIheZJQSEg=="
  "resolved" "https://registry.yarnpkg.com/ansi-styles/-/ansi-styles-4.3.0.tgz"
  "version" "4.3.0"
  dependencies:
    "color-convert" "^2.0.1"

"anymatch@~3.1.1":
  "integrity" "sha512-mM8522psRCqzV+6LhomX5wgp25YVibjh8Wj23I5RPkPppSVSjyKD2A2mBJmWGa+KN7f2D6LNh9jkBCeyLktzjg=="
  "resolved" "https://registry.yarnpkg.com/anymatch/-/anymatch-3.1.1.tgz"
  "version" "3.1.1"
  dependencies:
    "normalize-path" "^3.0.0"
    "picomatch" "^2.0.4"

"async-limiter@~1.0.0":
  "integrity" "sha512-csOlWGAcRFJaI6m+F2WKdnMKr4HhdhFVBk0H/QbJFMCr+uO2kwohwXQPxw/9OCxp05r5ghVBFSyioixx3gfkNQ=="
  "resolved" "https://registry.yarnpkg.com/async-limiter/-/async-limiter-1.0.1.tgz"
  "version" "1.0.1"

"at-least-node@^1.0.0":
  "integrity" "sha512-+q/t7Ekv1EDY2l6Gda6LLiX14rU9TV20Wa3ofeQmwPFZbOMo9DXrLbOjFaaclkXKWidIaopwAObQDqwWtGUjqg=="
  "resolved" "https://registry.npmjs.org/at-least-node/-/at-least-node-1.0.0.tgz"
  "version" "1.0.0"

"autoprefixer@^10.0.2", "autoprefixer@^10.0.4":
  "integrity" "sha512-hmjYejN/WTyPP9cdNmiwtwqM8/ACVJPD5ExtwoOceQohNbgnFNiwpL2+U4bXS8aXozBL00WvH6WhqbuHf0Fgfg=="
  "resolved" "https://registry.yarnpkg.com/autoprefixer/-/autoprefixer-10.0.4.tgz"
  "version" "10.0.4"
  dependencies:
    "browserslist" "^4.14.7"
    "caniuse-lite" "^1.0.30001161"
    "colorette" "^1.2.1"
    "normalize-range" "^0.1.2"
    "num2fraction" "^1.2.2"
    "postcss-value-parser" "^4.1.0"

"balanced-match@^1.0.0":
  "integrity" "sha1-ibTRmasr7kneFk6gK4nORi1xt2c="
  "resolved" "https://registry.yarnpkg.com/balanced-match/-/balanced-match-1.0.0.tgz"
  "version" "1.0.0"

"binary-extensions@^2.0.0":
  "integrity" "sha512-1Yj8h9Q+QDF5FzhMs/c9+6UntbD5MkRfRwac8DoEm9ZfUBZ7tZ55YcGVAzEe4bXsdQHEk+s9S5wsOKVdZrw0tQ=="
  "resolved" "https://registry.yarnpkg.com/binary-extensions/-/binary-extensions-2.1.0.tgz"
  "version" "2.1.0"

"brace-expansion@^1.1.7":
  "integrity" "sha512-iCuPHDFgrHX7H2vEI/5xpz07zSHB00TpugqhmYtVmMO6518mCuRMoOYFldEBl0g187ufozdaHgWKcYFb61qGiA=="
  "resolved" "https://registry.yarnpkg.com/brace-expansion/-/brace-expansion-1.1.11.tgz"
  "version" "1.1.11"
  dependencies:
    "balanced-match" "^1.0.0"
    "concat-map" "0.0.1"

"braces@~3.0.2":
  "integrity" "sha512-b8um+L1RzM3WDSzvhm6gIz1yfTbBt6YTlcEKAvsmqCZZFw46z626lVj9j1yEPW33H5H+lBQpZMP1k8l+78Ha0A=="
  "resolved" "https://registry.yarnpkg.com/braces/-/braces-3.0.2.tgz"
  "version" "3.0.2"
  dependencies:
    "fill-range" "^7.0.1"

"browserslist@^4.14.7":
  "integrity" "sha512-IJ1iysdMkGmjjYeRlDU8PQejVwxvVO5QOfXH7ylW31GO6LwNRSmm/SgRXtNsEXqMLl2e+2H5eEJ7sfynF8TCaQ=="
  "resolved" "https://registry.yarnpkg.com/browserslist/-/browserslist-4.15.0.tgz"
  "version" "4.15.0"
  dependencies:
    "caniuse-lite" "^1.0.30001164"
    "colorette" "^1.2.1"
    "electron-to-chromium" "^1.3.612"
    "escalade" "^3.1.1"
    "node-releases" "^1.1.67"

"buffer-from@^1.0.0":
  "integrity" "sha512-MQcXEUbCKtEo7bhqEs6560Hyd4XaovZlO/k9V3hjVUF/zwW7KBVdSK4gIt/bzwS9MbR5qob+F5jusZsb0YQK2A=="
  "resolved" "https://registry.yarnpkg.com/buffer-from/-/buffer-from-1.1.1.tgz"
  "version" "1.1.1"

"builtin-modules@^3.1.0":
  "integrity" "sha512-k0KL0aWZuBt2lrxrcASWDfwOLMnodeQjodT/1SxEQAXsHANgo6ZC/VEaSEHCXt7aSTZ4/4H5LKa+tBXmW7Vtvw=="
  "resolved" "https://registry.yarnpkg.com/builtin-modules/-/builtin-modules-3.1.0.tgz"
  "version" "3.1.0"

"bytes@^3.0.0":
  "integrity" "sha512-zauLjrfCG+xvoyaqLoV8bLVXXNGC4JqlxFCutSDWA6fJrTo2ZuvLYTqZ7aHBLZSMOopbzwv8f+wZcVzfVTI2Dg=="
  "resolved" "https://registry.npmjs.org/bytes/-/bytes-3.1.0.tgz"
  "version" "3.1.0"

"callsites@^3.0.0":
  "integrity" "sha512-P8BjAsXvZS+VIDUI11hHCQEv74YT67YUi5JJFNWIqL235sBmjX4+qx9Muvls5ivyNENctx46xQLQ3aTuE7ssaQ=="
  "resolved" "https://registry.yarnpkg.com/callsites/-/callsites-3.1.0.tgz"
  "version" "3.1.0"

"camelcase-css@^2.0.1":
  "integrity" "sha512-QOSvevhslijgYwRx6Rv7zKdMF8lbRmx+uQGx2+vDc+KI/eBnsy9kit5aj23AgGu3pa4t9AgwbnXWqS+iOY+2aA=="
  "resolved" "https://registry.npmjs.org/camelcase-css/-/camelcase-css-2.0.1.tgz"
  "version" "2.0.1"

"caniuse-lite@^1.0.30001161", "caniuse-lite@^1.0.30001164":
  "integrity" "sha512-8cEsSMwXfx7lWSUMA2s08z9dIgsnR5NAqjXP23stdsU3AUWkCr/rr4s4OFtHXn5XXr6+7kam3QFVoYyXNPdJPA=="
  "resolved" "https://registry.yarnpkg.com/caniuse-lite/-/caniuse-lite-1.0.30001165.tgz"
  "version" "1.0.30001165"

"chalk@^2.0.0":
  "integrity" "sha512-Mti+f9lpJNcwF4tWV8/OrTTtF1gZi+f8FqlyAdouralcFWFQWF2+NgCHShjkCb+IFBLq9buZwE1xckQU4peSuQ=="
  "resolved" "https://registry.yarnpkg.com/chalk/-/chalk-2.4.2.tgz"
  "version" "2.4.2"
  dependencies:
    "ansi-styles" "^3.2.1"
    "escape-string-regexp" "^1.0.5"
    "supports-color" "^5.3.0"

"chalk@^2.4.1":
  "integrity" "sha512-Mti+f9lpJNcwF4tWV8/OrTTtF1gZi+f8FqlyAdouralcFWFQWF2+NgCHShjkCb+IFBLq9buZwE1xckQU4peSuQ=="
  "resolved" "https://registry.npmjs.org/chalk/-/chalk-2.4.2.tgz"
  "version" "2.4.2"
  dependencies:
    "ansi-styles" "^3.2.1"
    "escape-string-regexp" "^1.0.5"
    "supports-color" "^5.3.0"

"chalk@^2.4.2":
  "integrity" "sha512-Mti+f9lpJNcwF4tWV8/OrTTtF1gZi+f8FqlyAdouralcFWFQWF2+NgCHShjkCb+IFBLq9buZwE1xckQU4peSuQ=="
  "resolved" "https://registry.npmjs.org/chalk/-/chalk-2.4.2.tgz"
  "version" "2.4.2"
  dependencies:
    "ansi-styles" "^3.2.1"
    "escape-string-regexp" "^1.0.5"
    "supports-color" "^5.3.0"

"chalk@^4.0.0", "chalk@^4.1.0":
  "integrity" "sha512-qwx12AxXe2Q5xQ43Ac//I6v5aXTipYrSESdOgzrN+9XjgEpyjpKuvSGaN4qE93f7TQTlerQQ8S+EQ0EyDoVL1A=="
  "resolved" "https://registry.yarnpkg.com/chalk/-/chalk-4.1.0.tgz"
  "version" "4.1.0"
  dependencies:
    "ansi-styles" "^4.1.0"
    "supports-color" "^7.1.0"

"chokidar@^3.3.0", "chokidar@^3.4.1", "chokidar@>=2.0.0 <4.0.0":
  "integrity" "sha512-DtM3g7juCXQxFVSNPNByEC2+NImtBuxQQvWlHunpJIS5Ocr0lG306cC7FCi7cEA0fzmybPUIl4txBIobk1gGOQ=="
  "resolved" "https://registry.yarnpkg.com/chokidar/-/chokidar-3.4.3.tgz"
  "version" "3.4.3"
  dependencies:
    "anymatch" "~3.1.1"
    "braces" "~3.0.2"
    "fsevents" "~2.1.2"
    "glob-parent" "~5.1.0"
    "is-binary-path" "~2.1.0"
    "is-glob" "~4.0.1"
    "normalize-path" "~3.0.0"
    "readdirp" "~3.5.0"
  optionalDependencies:
    "fsevents" "~2.1.2"

"color-convert@^1.9.0":
  "integrity" "sha512-QfAUtd+vFdAtFQcC8CCyYt1fYWxSqAiK2cSD6zDB8N3cpsEBAvRxp9zOGg6G/SHHJYAT88/az/IuDGALsNVbGg=="
  "resolved" "https://registry.npmjs.org/color-convert/-/color-convert-1.9.3.tgz"
  "version" "1.9.3"
  dependencies:
    "color-name" "1.1.3"

"color-convert@^1.9.1":
  "integrity" "sha512-QfAUtd+vFdAtFQcC8CCyYt1fYWxSqAiK2cSD6zDB8N3cpsEBAvRxp9zOGg6G/SHHJYAT88/az/IuDGALsNVbGg=="
  "resolved" "https://registry.npmjs.org/color-convert/-/color-convert-1.9.3.tgz"
  "version" "1.9.3"
  dependencies:
    "color-name" "1.1.3"

"color-convert@^2.0.1":
  "integrity" "sha512-RRECPsj7iu/xb5oKYcsFHSppFNnsj/52OVTRKb4zP5onXwVF3zVmmToNcOfGC+CRDpfK/U584fMg38ZHCaElKQ=="
  "resolved" "https://registry.yarnpkg.com/color-convert/-/color-convert-2.0.1.tgz"
  "version" "2.0.1"
  dependencies:
    "color-name" "~1.1.4"

"color-name@^1.0.0", "color-name@~1.1.4":
  "integrity" "sha512-dOy+3AuW3a2wNbZHIuMZpTcgjGuLU/uBL/ubcZF9OXbDo8ff4O8yVp5Bf0efS8uEoYo5q4Fx7dY9OgQGXgAsQA=="
  "resolved" "https://registry.yarnpkg.com/color-name/-/color-name-1.1.4.tgz"
  "version" "1.1.4"

"color-name@1.1.3":
  "integrity" "sha1-p9BVi9icQveV3UIyj3QIMcpTvCU="
  "resolved" "https://registry.npmjs.org/color-name/-/color-name-1.1.3.tgz"
  "version" "1.1.3"

"color-string@^1.5.4":
  "integrity" "sha512-57yF5yt8Xa3czSEW1jfQDE79Idk0+AkN/4KWad6tbdxUmAs3MvjxlWSWD4deYytcRfoZ9nhKyFl1kj5tBvidbw=="
  "resolved" "https://registry.npmjs.org/color-string/-/color-string-1.5.4.tgz"
  "version" "1.5.4"
  dependencies:
    "color-name" "^1.0.0"
    "simple-swizzle" "^0.2.2"

"color@^3.1.3":
  "integrity" "sha512-xgXAcTHa2HeFCGLE9Xs/R82hujGtu9Jd9x4NW3T34+OMs7VoPsjwzRczKHvTAHeJwWFwX5j15+MgAppE8ztObQ=="
  "resolved" "https://registry.npmjs.org/color/-/color-3.1.3.tgz"
  "version" "3.1.3"
  dependencies:
    "color-convert" "^1.9.1"
    "color-string" "^1.5.4"

"colorette@^1.2.1":
  "integrity" "sha512-puCDz0CzydiSYOrnXpz/PKd69zRrribezjtE9yd4zvytoRc8+RY/KJPvtPFKZS3E3wP6neGyMe0vOTlHO5L3Pw=="
  "resolved" "https://registry.yarnpkg.com/colorette/-/colorette-1.2.1.tgz"
  "version" "1.2.1"

"commander@^2.20.0":
  "integrity" "sha512-GpVkmM8vF2vQUkj2LvZmD35JxeJOLCwJ9cUkugyk2nuhbv3+mJvpLYYt+0+USMxE+oj+ey/lJEnhZw75x/OMcQ=="
  "resolved" "https://registry.yarnpkg.com/commander/-/commander-2.20.3.tgz"
  "version" "2.20.3"

"commander@^6.0.0":
  "integrity" "sha512-zP4jEKbe8SHzKJYQmq8Y9gYjtO/POJLgIdKgV7B9qNmABVFVc+ctqSX6iXh4mCpJfRBOabiZ2YKPg8ciDw6C+Q=="
  "resolved" "https://registry.npmjs.org/commander/-/commander-6.2.0.tgz"
  "version" "6.2.0"

"commondir@^1.0.1":
  "integrity" "sha1-3dgA2gxmEnOTzKWVDqloo6rxJTs="
  "resolved" "https://registry.yarnpkg.com/commondir/-/commondir-1.0.1.tgz"
  "version" "1.0.1"

"concat-map@0.0.1":
  "integrity" "sha1-2Klr13/Wjfd5OnMDajug1UBdR3s="
  "resolved" "https://registry.yarnpkg.com/concat-map/-/concat-map-0.0.1.tgz"
  "version" "0.0.1"

"console-clear@^1.1.0":
  "integrity" "sha512-pMD+MVR538ipqkG5JXeOEbKWS5um1H4LUUccUQG68qpeqBYbzYy79Gh55jkd2TtPdRfUaLWdv6LPP//5Zt0aPQ=="
  "resolved" "https://registry.yarnpkg.com/console-clear/-/console-clear-1.1.1.tgz"
  "version" "1.1.1"

"css-unit-converter@^1.1.1":
  "integrity" "sha512-IiJwMC8rdZE0+xiEZHeru6YoONC4rfPMqGm2W85jMIbkFvv5nFTwJVFHam2eFrN6txmoUYFAFXiv8ICVeTO0MA=="
  "resolved" "https://registry.npmjs.org/css-unit-converter/-/css-unit-converter-1.1.2.tgz"
  "version" "1.1.2"

"cssesc@^3.0.0":
  "integrity" "sha512-/Tb/JcjK111nNScGob5MNtsntNM1aCNUDipB/TkwZFhyDrrE47SOx/18wF2bbjgc3ZzCSKW1T5nt5EbFoAz/Vg=="
  "resolved" "https://registry.npmjs.org/cssesc/-/cssesc-3.0.0.tgz"
  "version" "3.0.0"

"deepmerge@^4.2.2":
  "integrity" "sha512-FJ3UgI4gIl+PHZm53knsuSFpE+nESMr7M4v9QcgB7S63Kj/6WqMiFQJpBBYz1Pt+66bZpP3Q7Lye0Oo9MPKEdg=="
  "resolved" "https://registry.yarnpkg.com/deepmerge/-/deepmerge-4.2.2.tgz"
  "version" "4.2.2"

"defined@^1.0.0":
  "integrity" "sha1-yY2bzvdWdBiOEQlpFRGZ45sfppM="
  "resolved" "https://registry.npmjs.org/defined/-/defined-1.0.0.tgz"
  "version" "1.0.0"

"detect-indent@^6.0.0":
  "integrity" "sha512-oSyFlqaTHCItVRGK5RmrmjB+CmaMOW7IaNA/kdxqhoa6d17j/5ce9O9eWXmV/KEdRwqpQA+Vqe8a8Bsybu4YnA=="
  "resolved" "https://registry.yarnpkg.com/detect-indent/-/detect-indent-6.0.0.tgz"
  "version" "6.0.0"

"detective@^5.2.0":
  "integrity" "sha512-6SsIx+nUUbuK0EthKjv0zrdnajCCXVYGmbYYiYjFVpzcjwEs/JMDZ8tPRG29J/HhN56t3GJp2cGSWDRjjot8Pg=="
  "resolved" "https://registry.npmjs.org/detective/-/detective-5.2.0.tgz"
  "version" "5.2.0"
  dependencies:
    "acorn-node" "^1.6.1"
    "defined" "^1.0.0"
    "minimist" "^1.1.1"

"didyoumean@^1.2.1":
  "integrity" "sha1-6S7f2tplN9SE1zwBcv0eugxJdv8="
  "resolved" "https://registry.npmjs.org/didyoumean/-/didyoumean-1.2.1.tgz"
  "version" "1.2.1"

"electron-to-chromium@^1.3.612":
  "integrity" "sha512-CI8L38UN2BEnqXw3/oRIQTmde0LiSeqWSRlPA42ZTYgJQ8fYenzAM2Z3ni+jtILTcrs5aiXZCGJ96Pm+3/yGyQ=="
  "resolved" "https://registry.yarnpkg.com/electron-to-chromium/-/electron-to-chromium-1.3.616.tgz"
  "version" "1.3.616"

"escalade@^3.1.1":
  "integrity" "sha512-k0er2gUkLf8O0zKJiAhmkTnJlTvINGv7ygDNPbeIsX/TJjGJZHuh9B2UxbsaEkmlEo9MfhrSzmhIlhRlI2GXnw=="
  "resolved" "https://registry.yarnpkg.com/escalade/-/escalade-3.1.1.tgz"
  "version" "3.1.1"

"escape-string-regexp@^1.0.5":
  "integrity" "sha1-G2HAViGQqN/2rjuyzwIAyhMLhtQ="
  "resolved" "https://registry.yarnpkg.com/escape-string-regexp/-/escape-string-regexp-1.0.5.tgz"
  "version" "1.0.5"

"eslint-plugin-svelte3@^2.7.3":
  "integrity" "sha512-p6HhxyICX9x/x+8WSy6AVk2bmv9ayoznoTSyCvK47th/k/07ksuJixMwbGX9qxJVAmPBaYMjEIMSEZtJHPIN7w=="
  "resolved" "https://registry.yarnpkg.com/eslint-plugin-svelte3/-/eslint-plugin-svelte3-2.7.3.tgz"
  "version" "2.7.3"

"estree-walker@^0.6.1":
  "integrity" "sha512-SqmZANLWS0mnatqbSfRP5g8OXZC12Fgg1IwNtLsyHDzJizORW4khDfjPqJZsemPWBB2uqykUah5YpQ6epsqC/w=="
  "resolved" "https://registry.yarnpkg.com/estree-walker/-/estree-walker-0.6.1.tgz"
  "version" "0.6.1"

"estree-walker@^1.0.1":
  "integrity" "sha512-1fMXF3YP4pZZVozF8j/ZLfvnR8NSIljt56UhbZ5PeeDmmGHpgpdwQt7ITlGvYaQukCvuBRMLEiKiYC+oeIg4cg=="
  "resolved" "https://registry.yarnpkg.com/estree-walker/-/estree-walker-1.0.1.tgz"
  "version" "1.0.1"

"estree-walker@^2.0.1":
  "integrity" "sha512-tF0hv+Yi2Ot1cwj9eYHtxC0jB9bmjacjQs6ZBTj82H8JwUywFuc+7E83NWfNMwHXZc11mjfFcVXPe9gEP4B8dg=="
  "resolved" "https://registry.yarnpkg.com/estree-walker/-/estree-walker-2.0.1.tgz"
  "version" "2.0.1"

"fill-range@^7.0.1":
  "integrity" "sha512-qOo9F+dMUmC2Lcb4BbVvnKJxTPjCm+RRpe4gDuGrzkL7mEVl/djYSu2OdQ2Pa302N4oqkSg9ir6jaLWJ2USVpQ=="
  "resolved" "https://registry.yarnpkg.com/fill-range/-/fill-range-7.0.1.tgz"
  "version" "7.0.1"
  dependencies:
    "to-regex-range" "^5.0.1"

"fs-extra@^9.0.1":
  "integrity" "sha512-h2iAoN838FqAFJY2/qVpzFXy+EBxfVE220PalAqQLDVsFOHLJrZvut5puAbCdNv6WJk+B8ihI+k0c7JK5erwqQ=="
  "resolved" "https://registry.npmjs.org/fs-extra/-/fs-extra-9.0.1.tgz"
  "version" "9.0.1"
  dependencies:
    "at-least-node" "^1.0.0"
    "graceful-fs" "^4.2.0"
    "jsonfile" "^6.0.1"
    "universalify" "^1.0.0"

"fs.realpath@^1.0.0":
  "integrity" "sha1-FQStJSMVjKpA20onh8sBQRmU6k8="
  "resolved" "https://registry.yarnpkg.com/fs.realpath/-/fs.realpath-1.0.0.tgz"
  "version" "1.0.0"

"function-bind@^1.1.1":
  "integrity" "sha512-yIovAzMX49sF8Yl58fSCWJ5svSLuaibPxXQJFLmBObTuCr0Mf1KiPopGM9NiFjiYBCbfaa2Fh6breQ6ANVTI0A=="
  "resolved" "https://registry.yarnpkg.com/function-bind/-/function-bind-1.1.1.tgz"
  "version" "1.1.1"

"get-port@^3.2.0":
  "integrity" "sha1-3Xzn3hh8Bsi/NTeWrHHgmfCYDrw="
  "resolved" "https://registry.yarnpkg.com/get-port/-/get-port-3.2.0.tgz"
  "version" "3.2.0"

"glob-parent@~5.1.0":
  "integrity" "sha512-FnI+VGOpnlGHWZxthPGR+QhR78fuiK0sNLkHQv+bL9fQi57lNNdquIbna/WrfROrolq8GK5Ek6BiMwqL/voRYQ=="
  "resolved" "https://registry.yarnpkg.com/glob-parent/-/glob-parent-5.1.1.tgz"
  "version" "5.1.1"
  dependencies:
    "is-glob" "^4.0.1"

"glob@^7.0.0", "glob@^7.1.2", "glob@^7.1.6":
  "integrity" "sha512-LwaxwyZ72Lk7vZINtNNrywX0ZuLyStrdDtabefZKAY5ZGJhVtgdznluResxNmPitE0SAO+O26sWTHeKSI2wMBA=="
  "resolved" "https://registry.yarnpkg.com/glob/-/glob-7.1.6.tgz"
  "version" "7.1.6"
  dependencies:
    "fs.realpath" "^1.0.0"
    "inflight" "^1.0.4"
    "inherits" "2"
    "minimatch" "^3.0.4"
    "once" "^1.3.0"
    "path-is-absolute" "^1.0.0"

"graceful-fs@^4.1.6", "graceful-fs@^4.2.0":
  "integrity" "sha512-WjKPNJF79dtJAVniUlGGWHYGz2jWxT6VhN/4m1NdkbZ2nOsEF+cI1Edgql5zCRhs/VsQYRvrXctxktVXZUkixw=="
  "resolved" "https://registry.npmjs.org/graceful-fs/-/graceful-fs-4.2.4.tgz"
  "version" "4.2.4"

"has-flag@^3.0.0":
  "integrity" "sha1-tdRU3CGZriJWmfNGfloH87lVuv0="
  "resolved" "https://registry.npmjs.org/has-flag/-/has-flag-3.0.0.tgz"
  "version" "3.0.0"

"has-flag@^4.0.0":
  "integrity" "sha512-EykJT/Q1KjTWctppgIAgfSO0tKVuZUjhgMr17kqTumMl6Afv3EISleU7qZUzoXDFTAHTDC4NOoG/ZxU3EvlMPQ=="
  "resolved" "https://registry.yarnpkg.com/has-flag/-/has-flag-4.0.0.tgz"
  "version" "4.0.0"

"has@^1.0.3":
  "integrity" "sha512-f2dvO0VU6Oej7RkWJGrehjbzMAjFp5/VKPp5tTpWIV4JHHZK1/BxbFRtf/siA2SWTe09caDmVtYYzWEIbBS4zw=="
  "resolved" "https://registry.yarnpkg.com/has/-/has-1.0.3.tgz"
  "version" "1.0.3"
  dependencies:
    "function-bind" "^1.1.1"

"html-tags@^3.1.0":
  "integrity" "sha512-1qYz89hW3lFDEazhjW0yVAV87lw8lVkrJocr72XmBkMKsoSVJCQx3W8BXsC7hO2qAt8BoVjYjtAcZ9perqGnNg=="
  "resolved" "https://registry.npmjs.org/html-tags/-/html-tags-3.1.0.tgz"
  "version" "3.1.0"

"import-fresh@^3.2.1":
  "integrity" "sha512-cTPNrlvJT6twpYy+YmKUKrTSjWFs3bjYjAhCwm+z4EOCubZxAuO+hHpRN64TqjEaYSHs7tJAE0w1CKMGmsG/lw=="
  "resolved" "https://registry.yarnpkg.com/import-fresh/-/import-fresh-3.2.2.tgz"
  "version" "3.2.2"
  dependencies:
    "parent-module" "^1.0.0"
    "resolve-from" "^4.0.0"

"indexes-of@^1.0.1":
  "integrity" "sha1-8w9xbI4r00bHtn0985FVZqfAVgc="
  "resolved" "https://registry.npmjs.org/indexes-of/-/indexes-of-1.0.1.tgz"
  "version" "1.0.1"

"inflight@^1.0.4":
  "integrity" "sha1-Sb1jMdfQLQwJvJEKEHW6gWW1bfk="
  "resolved" "https://registry.yarnpkg.com/inflight/-/inflight-1.0.6.tgz"
  "version" "1.0.6"
  dependencies:
    "once" "^1.3.0"
    "wrappy" "1"

"inherits@2":
  "integrity" "sha512-k/vGaX4/Yla3WzyMCvTQOXYeIHvqOKtnqBduzTHpzpQZzAskKMhZ2K+EnBiSM9zGSoIFeMpXKxa4dYeZIQqewQ=="
  "resolved" "https://registry.yarnpkg.com/inherits/-/inherits-2.0.4.tgz"
  "version" "2.0.4"

"is-arrayish@^0.3.1":
  "integrity" "sha512-eVRqCvVlZbuw3GrM63ovNSNAeA1K16kaR/LRY/92w0zxQ5/1YzwblUX652i4Xs9RwAGjW9d9y6X88t8OaAJfWQ=="
  "resolved" "https://registry.npmjs.org/is-arrayish/-/is-arrayish-0.3.2.tgz"
  "version" "0.3.2"

"is-binary-path@~2.1.0":
  "integrity" "sha512-ZMERYes6pDydyuGidse7OsHxtbI7WVeUEozgR/g7rd0xUimYNlvZRE/K2MgZTjWy725IfelLeVcEM97mmtRGXw=="
  "resolved" "https://registry.yarnpkg.com/is-binary-path/-/is-binary-path-2.1.0.tgz"
  "version" "2.1.0"
  dependencies:
    "binary-extensions" "^2.0.0"

"is-core-module@^2.1.0":
  "integrity" "sha512-XRAfAdyyY5F5cOXn7hYQDqh2Xmii+DEfIcQGxK/uNwMHhIkPWO0g8msXcbzLe+MpGoR951MlqM/2iIlU4vKDdQ=="
  "resolved" "https://registry.yarnpkg.com/is-core-module/-/is-core-module-2.2.0.tgz"
  "version" "2.2.0"
  dependencies:
    "has" "^1.0.3"

"is-extglob@^2.1.1":
  "integrity" "sha1-qIwCU1eR8C7TfHahueqXc8gz+MI="
  "resolved" "https://registry.yarnpkg.com/is-extglob/-/is-extglob-2.1.1.tgz"
  "version" "2.1.1"

"is-glob@^4.0.1", "is-glob@~4.0.1":
  "integrity" "sha512-5G0tKtBTFImOqDnLB2hG6Bp2qcKEFduo4tZu9MT/H6NQv/ghhy30o55ufafxJ/LdH79LLs2Kfrn85TLKyA7BUg=="
  "resolved" "https://registry.yarnpkg.com/is-glob/-/is-glob-4.0.1.tgz"
  "version" "4.0.1"
  dependencies:
    "is-extglob" "^2.1.1"

"is-module@^1.0.0":
  "integrity" "sha1-Mlj7afeMFNW4FdZkM2tM/7ZEFZE="
  "resolved" "https://registry.yarnpkg.com/is-module/-/is-module-1.0.0.tgz"
  "version" "1.0.0"

"is-number@^7.0.0":
  "integrity" "sha512-41Cifkg6e8TylSpdtTpeLVMqvSBEVzTttHvERD741+pnZ8ANv0004MRL43QKPDlK9cGvNp6NZWZUBlbGXYxxng=="
  "resolved" "https://registry.yarnpkg.com/is-number/-/is-number-7.0.0.tgz"
  "version" "7.0.0"

"is-reference@^1.2.1":
  "integrity" "sha512-U82MsXXiFIrjCK4otLT+o2NA2Cd2g5MLoOVXUZjIOhLurrRxpEXzI8O0KZHr3IjLvlAH1kTPYSuqer5T9ZVBKQ=="
  "resolved" "https://registry.yarnpkg.com/is-reference/-/is-reference-1.2.1.tgz"
  "version" "1.2.1"
  dependencies:
    "@types/estree" "*"

"jest-worker@^26.2.1":
  "integrity" "sha512-KWYVV1c4i+jbMpaBC+U++4Va0cp8OisU185o73T1vo99hqi7w8tSJfUXYswwqqrjzwxa6KpRK54WhPvwf5w6PQ=="
  "resolved" "https://registry.yarnpkg.com/jest-worker/-/jest-worker-26.6.2.tgz"
  "version" "26.6.2"
  dependencies:
    "@types/node" "*"
    "merge-stream" "^2.0.0"
    "supports-color" "^7.0.0"

"js-tokens@^4.0.0":
  "integrity" "sha512-RdJUflcE3cUzKiMqQgsCu06FPu9UdIJO0beYbPhHN4k6apgJtifcoCtT9bcxOpYBtpD2kCM6Sbzg4CausW/PKQ=="
  "resolved" "https://registry.yarnpkg.com/js-tokens/-/js-tokens-4.0.0.tgz"
  "version" "4.0.0"

"jsonfile@^6.0.1":
  "integrity" "sha512-5dgndWOriYSm5cnYaJNhalLNDKOqFwyDB/rr1E9ZsGciGvKPs8R2xYGCacuf3z6K1YKDz182fd+fY3cn3pMqXQ=="
  "resolved" "https://registry.npmjs.org/jsonfile/-/jsonfile-6.1.0.tgz"
  "version" "6.1.0"
  dependencies:
    "graceful-fs" "^4.1.6"
    "universalify" "^2.0.0"
  optionalDependencies:
    "graceful-fs" "^4.1.6"

"kleur@^3.0.0":
  "integrity" "sha512-eTIzlVOSUR+JxdDFepEYcBMtZ9Qqdef+rnzWdRZuMbOywu5tO2w2N7rqjoANZ5k9vywhL6Br1VRjUIgTQx4E8w=="
  "resolved" "https://registry.yarnpkg.com/kleur/-/kleur-3.0.3.tgz"
  "version" "3.0.3"

"livereload-js@^3.1.0":
  "integrity" "sha512-CBu1gTEfzVhlOK1WASKAAJ9Qx1fHECTq0SUB67sfxwQssopTyvzqTlgl+c0h9pZ6V+Fzd2rc510ppuNusg9teQ=="
  "resolved" "https://registry.yarnpkg.com/livereload-js/-/livereload-js-3.3.1.tgz"
  "version" "3.3.1"

"livereload@^0.9.1":
  "integrity" "sha512-9g7sua11kkyZNo2hLRCG3LuZZwqexoyEyecSlV8cAsfAVVCZqLzVir6XDqmH0r+Vzgnd5LrdHDMyjtFnJQLAYw=="
  "resolved" "https://registry.yarnpkg.com/livereload/-/livereload-0.9.1.tgz"
  "version" "0.9.1"
  dependencies:
    "chokidar" "^3.3.0"
    "livereload-js" "^3.1.0"
    "opts" ">= 1.2.0"
    "ws" "^6.2.1"

"local-access@^1.0.1":
  "integrity" "sha512-XfegD5pyTAfb+GY6chk283Ox5z8WexG56OvM06RWLpAc/UHozO8X6xAxEkIitZOtsSMM1Yr3DkHgW5W+onLhCw=="
  "resolved" "https://registry.yarnpkg.com/local-access/-/local-access-1.1.0.tgz"
  "version" "1.1.0"

"lodash.toarray@^4.4.0":
  "integrity" "sha1-JMS/zWsvuji/0FlNsRedjptlZWE="
  "resolved" "https://registry.npmjs.org/lodash.toarray/-/lodash.toarray-4.4.0.tgz"
  "version" "4.4.0"

"lodash@^4.17.20":
  "integrity" "sha512-PlhdFcillOINfeV7Ni6oF1TAEayyZBoZ8bcshTHqOYJYlrqzRK5hagpagky5o4HfCzzd1TRkXPMFq6cKk9rGmA=="
  "resolved" "https://registry.npmjs.org/lodash/-/lodash-4.17.20.tgz"
  "version" "4.17.20"

"magic-string@^0.25.7":
  "integrity" "sha512-4CrMT5DOHTDk4HYDlzmwu4FVCcIYI8gauveasrdCu2IKIFOJ3f0v/8MDGJCDL9oD2ppz/Av1b0Nj345H9M+XIA=="
  "resolved" "https://registry.yarnpkg.com/magic-string/-/magic-string-0.25.7.tgz"
  "version" "0.25.7"
  dependencies:
    "sourcemap-codec" "^1.4.4"

"merge-stream@^2.0.0":
  "integrity" "sha512-abv/qOcuPfk3URPfDzmZU1LKmuw8kT+0nIHvKrKgFrwifol/doWcdA4ZqsWQ8ENrFKkd67Mfpo/LovbIUsbt3w=="
  "resolved" "https://registry.yarnpkg.com/merge-stream/-/merge-stream-2.0.0.tgz"
  "version" "2.0.0"

"mime@^2.3.1":
  "integrity" "sha512-RZKhC3EmpBchfTGBVb8fb+RL2cWyw/32lshnsETttkBAyAUXSGHxbEJWWRXc751DrIxG1q04b8QwMbAwkRPpUA=="
  "resolved" "https://registry.yarnpkg.com/mime/-/mime-2.4.6.tgz"
  "version" "2.4.6"

"min-indent@^1.0.0":
  "integrity" "sha512-I9jwMn07Sy/IwOj3zVkVik2JTvgpaykDZEigL6Rx6N9LbMywwUSMtxET+7lVoDLLd3O3IXwJwvuuns8UB/HeAg=="
  "resolved" "https://registry.yarnpkg.com/min-indent/-/min-indent-1.0.1.tgz"
  "version" "1.0.1"

"minimatch@^3.0.4":
  "integrity" "sha512-yJHVQEhyqPLUTgt9B83PXu6W3rx4MvvHvSUvToogpwoGDOUQ+yDrR0HRot+yOCdCO7u4hX3pWft6kWBBcqh0UA=="
  "resolved" "https://registry.yarnpkg.com/minimatch/-/minimatch-3.0.4.tgz"
  "version" "3.0.4"
  dependencies:
    "brace-expansion" "^1.1.7"

"minimist@^1.1.1", "minimist@^1.2.5":
  "integrity" "sha512-FM9nNUYrRBAELZQT3xeZQ7fmMOBg6nWNmJKTcgsJeaLstP/UODVpGsr5OhXhhXg6f+qtJ8uiZ+PUxkDWcgIXLw=="
  "resolved" "https://registry.yarnpkg.com/minimist/-/minimist-1.2.5.tgz"
  "version" "1.2.5"

"modern-normalize@^1.0.0":
  "integrity" "sha512-1lM+BMLGuDfsdwf3rsgBSrxJwAZHFIrQ8YR61xIqdHo0uNKI9M52wNpHSrliZATJp51On6JD0AfRxd4YGSU0lw=="
  "resolved" "https://registry.npmjs.org/modern-normalize/-/modern-normalize-1.0.0.tgz"
  "version" "1.0.0"

"mri@^1.1.0":
  "integrity" "sha512-oi1b3MfbyGa7FJMP9GmLTttni5JoICpYBRlq+x5V16fZbLsnL9N3wFqqIm/nIG43FjUFkFh9Epzp/kzUGUnJxQ=="
  "resolved" "https://registry.yarnpkg.com/mri/-/mri-1.1.6.tgz"
  "version" "1.1.6"

"nanoid@^3.1.20":
  "integrity" "sha512-a1cQNyczgKbLX9jwbS/+d7W8fX/RfgYR7lVWwWOGIPNgK2m0MWvrGF6/m4kk6U3QcFMnZf3RIhL0v2Jgh/0Uxw=="
  "resolved" "https://registry.yarnpkg.com/nanoid/-/nanoid-3.1.20.tgz"
  "version" "3.1.20"

"node-emoji@^1.8.1":
  "integrity" "sha512-Yt3384If5H6BYGVHiHwTL+99OzJKHhgp82S8/dktEK73T26BazdgZ4JZh92xSVtGNJvz9UbXdNAc5hcrXV42vw=="
  "resolved" "https://registry.npmjs.org/node-emoji/-/node-emoji-1.10.0.tgz"
  "version" "1.10.0"
  dependencies:
    "lodash.toarray" "^4.4.0"

"node-releases@^1.1.67":
  "integrity" "sha512-V5QF9noGFl3EymEwUYzO+3NTDpGfQB4ve6Qfnzf3UNydMhjQRVPR1DZTuvWiLzaFJYw2fmDwAfnRNEVb64hSIg=="
  "resolved" "https://registry.yarnpkg.com/node-releases/-/node-releases-1.1.67.tgz"
  "version" "1.1.67"

"normalize-path@^3.0.0", "normalize-path@~3.0.0":
  "integrity" "sha512-6eZs5Ls3WtCisHWp9S2GUy8dqkpGi4BVSz3GaqiE6ezub0512ESztXUwUB6C6IKbQkY2Pnb/mD4WYojCRwcwLA=="
  "resolved" "https://registry.yarnpkg.com/normalize-path/-/normalize-path-3.0.0.tgz"
  "version" "3.0.0"

"normalize-range@^0.1.2":
  "integrity" "sha1-LRDAa9/TEuqXd2laTShDlFa3WUI="
  "resolved" "https://registry.yarnpkg.com/normalize-range/-/normalize-range-0.1.2.tgz"
  "version" "0.1.2"

"num2fraction@^1.2.2":
  "integrity" "sha1-b2gragJ6Tp3fpFZM0lidHU5mnt4="
  "resolved" "https://registry.yarnpkg.com/num2fraction/-/num2fraction-1.2.2.tgz"
  "version" "1.2.2"

"object-assign@^4.1.1":
  "integrity" "sha1-IQmtx5ZYh8/AXLvUQsrIv7s2CGM="
  "resolved" "https://registry.npmjs.org/object-assign/-/object-assign-4.1.1.tgz"
  "version" "4.1.1"

"object-hash@^2.0.3":
  "integrity" "sha512-JPKn0GMu+Fa3zt3Bmr66JhokJU5BaNBIh4ZeTlaCBzrBsOeXzwcKKAK1tbLiPKgvwmPXsDvvLHoWh5Bm7ofIYg=="
  "resolved" "https://registry.npmjs.org/object-hash/-/object-hash-2.0.3.tgz"
  "version" "2.0.3"

"once@^1.3.0":
  "integrity" "sha1-WDsap3WWHUsROsF9nFC6753Xa9E="
  "resolved" "https://registry.yarnpkg.com/once/-/once-1.4.0.tgz"
  "version" "1.4.0"
  dependencies:
    "wrappy" "1"

"opts@>= 1.2.0":
  "integrity" "sha512-k41FwbcLnlgnFh69f4qdUfvDQ+5vaSDnVPFI/y5XuhKRq97EnVVneO9F1ESVCdiVu4fCS2L8usX3mU331hB7pg=="
  "resolved" "https://registry.yarnpkg.com/opts/-/opts-2.0.2.tgz"
  "version" "2.0.2"

"parent-module@^1.0.0":
  "integrity" "sha512-GQ2EWRpQV8/o+Aw8YqtfZZPfNRWZYkbidE9k5rpl/hC3vtHHBfGm2Ifi6qWV+coDGkrUKZAxE3Lot5kcsRlh+g=="
  "resolved" "https://registry.yarnpkg.com/parent-module/-/parent-module-1.0.1.tgz"
  "version" "1.0.1"
  dependencies:
    "callsites" "^3.0.0"

"path-is-absolute@^1.0.0":
  "integrity" "sha1-F0uSaHNVNP+8es5r9TpanhtcX18="
  "resolved" "https://registry.yarnpkg.com/path-is-absolute/-/path-is-absolute-1.0.1.tgz"
  "version" "1.0.1"

"path-parse@^1.0.6":
  "integrity" "sha512-GSmOT2EbHrINBf9SR7CDELwlJ8AENk3Qn7OikK4nFYAu3Ote2+JYNVvkpAEQm3/TLNEJFD/xZJjzyxg3KBWOzw=="
  "resolved" "https://registry.yarnpkg.com/path-parse/-/path-parse-1.0.6.tgz"
  "version" "1.0.6"

"picomatch@^2.0.4", "picomatch@^2.2.1", "picomatch@^2.2.2":
  "integrity" "sha512-q0M/9eZHzmr0AulXyPwNfZjtwZ/RBZlbN3K3CErVrk50T2ASYI7Bye0EvekFY3IP1Nt2DHu0re+V2ZHIpMkuWg=="
  "resolved" "https://registry.yarnpkg.com/picomatch/-/picomatch-2.2.2.tgz"
  "version" "2.2.2"

"postcss-functions@^3":
  "integrity" "sha1-DpTQFERwCkgd4g3k1V+yZAVkJQ4="
  "resolved" "https://registry.npmjs.org/postcss-functions/-/postcss-functions-3.0.0.tgz"
  "version" "3.0.0"
  dependencies:
    "glob" "^7.1.2"
    "object-assign" "^4.1.1"
    "postcss" "^6.0.9"
    "postcss-value-parser" "^3.3.0"

"postcss-js@^3.0.3":
  "integrity" "sha512-gWnoWQXKFw65Hk/mi2+WTQTHdPD5UJdDXZmX073EY/B3BWnYjO4F4t0VneTCnCGQ5E5GsCdMkzPaTXwl3r5dJw=="
  "resolved" "https://registry.npmjs.org/postcss-js/-/postcss-js-3.0.3.tgz"
  "version" "3.0.3"
  dependencies:
    "camelcase-css" "^2.0.1"
    "postcss" "^8.1.6"

"postcss-nested@^5.0.1":
  "integrity" "sha512-R2LHPw+u5hFfDgJG748KpGbJyTv7Yr33/2tIMWxquYuHTd9EXu27PYnKi7BxMXLtzKC0a0WVsqHtd7qIluQu/g=="
  "resolved" "https://registry.npmjs.org/postcss-nested/-/postcss-nested-5.0.3.tgz"
  "version" "5.0.3"
  dependencies:
    "postcss-selector-parser" "^6.0.4"

"postcss-selector-parser@^6.0.2", "postcss-selector-parser@^6.0.4":
  "integrity" "sha512-gjMeXBempyInaBqpp8gODmwZ52WaYsVOsfr4L4lDQ7n3ncD6mEyySiDtgzCT+NYC0mmeOLvtsF8iaEf0YT6dBw=="
  "resolved" "https://registry.npmjs.org/postcss-selector-parser/-/postcss-selector-parser-6.0.4.tgz"
  "version" "6.0.4"
  dependencies:
    "cssesc" "^3.0.0"
    "indexes-of" "^1.0.1"
    "uniq" "^1.0.1"
    "util-deprecate" "^1.0.2"

"postcss-value-parser@^3.3.0":
  "integrity" "sha512-pISE66AbVkp4fDQ7VHBwRNXzAAKJjw4Vw7nWI/+Q3vuly7SNfgYXvm6i5IgFylHGK5sP/xHAbB7N49OS4gWNyQ=="
  "resolved" "https://registry.npmjs.org/postcss-value-parser/-/postcss-value-parser-3.3.1.tgz"
  "version" "3.3.1"

"postcss-value-parser@^4.1.0":
  "integrity" "sha512-97DXOFbQJhk71ne5/Mt6cOu6yxsSfM0QGQyl0L25Gca4yGWEGJaig7l7gbCX623VqTBNGLRLaVUCnNkcedlRSQ=="
  "resolved" "https://registry.yarnpkg.com/postcss-value-parser/-/postcss-value-parser-4.1.0.tgz"
  "version" "4.1.0"

"postcss@^6.0.9":
  "integrity" "sha512-soOk1h6J3VMTZtVeVpv15/Hpdl2cBLX3CAw4TAbkpTJiNPk9YP/zWcD1ND+xEtvyuuvKzbxliTOIyvkSeSJ6ag=="
  "resolved" "https://registry.npmjs.org/postcss/-/postcss-6.0.23.tgz"
  "version" "6.0.23"
  dependencies:
    "chalk" "^2.4.1"
    "source-map" "^0.6.1"
    "supports-color" "^5.4.0"

"postcss@^7 || ^8", "postcss@^8.0.9", "postcss@^8.1.0", "postcss@^8.1.13", "postcss@^8.1.14", "postcss@^8.1.6":
  "integrity" "sha512-KatkyVPBKfENS+c3dpXJoDXnDD5UZs5exAnDksLqaRJPKwYphEPZt4N0m0i049v2/BtWVQibAhxW4ilXXcolpA=="
  "resolved" "https://registry.yarnpkg.com/postcss/-/postcss-8.1.14.tgz"
  "version" "8.1.14"
  dependencies:
    "colorette" "^1.2.1"
    "nanoid" "^3.1.20"
    "source-map" "^0.6.1"

"postcss@7.0.32":
  "integrity" "sha512-03eXong5NLnNCD05xscnGKGDZ98CyzoqPSMjOe6SuoQY7Z2hIj0Ld1g/O/UQRuOle2aRtiIRDg9tDcTGAkLfKw=="
  "resolved" "https://registry.npmjs.org/postcss/-/postcss-7.0.32.tgz"
  "version" "7.0.32"
  dependencies:
    "chalk" "^2.4.2"
    "source-map" "^0.6.1"
    "supports-color" "^6.1.0"

"pretty-hrtime@^1.0.3":
  "integrity" "sha1-t+PqQkNaTJsnWdmeDyAesZWALuE="
  "resolved" "https://registry.npmjs.org/pretty-hrtime/-/pretty-hrtime-1.0.3.tgz"
  "version" "1.0.3"

"purgecss@^3.0.0":
  "integrity" "sha512-t3FGCwyX9XWV3ffvnAXTw6Y3Z9kNlcgm14VImNK66xKi5sdqxSA2I0SFYxtmZbAKuIZVckPdazw5iKL/oY/2TA=="
  "resolved" "https://registry.npmjs.org/purgecss/-/purgecss-3.0.0.tgz"
  "version" "3.0.0"
  dependencies:
    "commander" "^6.0.0"
    "glob" "^7.0.0"
    "postcss" "7.0.32"
    "postcss-selector-parser" "^6.0.2"

"randombytes@^2.1.0":
  "integrity" "sha512-vYl3iOX+4CKUWuxGi9Ukhie6fsqXqS9FE2Zaic4tNFD2N2QQaXOMFbuKK4QmDHC0JO6B1Zp41J0LpT0oR68amQ=="
  "resolved" "https://registry.yarnpkg.com/randombytes/-/randombytes-2.1.0.tgz"
  "version" "2.1.0"
  dependencies:
    "safe-buffer" "^5.1.0"

"readdirp@~3.5.0":
  "integrity" "sha512-cMhu7c/8rdhkHXWsY+osBhfSy0JikwpHK/5+imo+LpeasTF8ouErHrlYkwT0++njiyuDvc7OFY5T3ukvZ8qmFQ=="
  "resolved" "https://registry.yarnpkg.com/readdirp/-/readdirp-3.5.0.tgz"
  "version" "3.5.0"
  dependencies:
    "picomatch" "^2.2.1"

"reduce-css-calc@^2.1.6":
  "integrity" "sha512-fDnlZ+AybAS3C7Q9xDq5y8A2z+lT63zLbynew/lur/IR24OQF5x98tfNwf79mzEdfywZ0a2wpM860FhFfMxZlA=="
  "resolved" "https://registry.npmjs.org/reduce-css-calc/-/reduce-css-calc-2.1.7.tgz"
  "version" "2.1.7"
  dependencies:
    "css-unit-converter" "^1.1.1"
    "postcss-value-parser" "^3.3.0"

"require-relative@^0.8.7":
  "integrity" "sha1-eZlTn8ngR6N5KPoZb44VY9q9Nt4="
  "resolved" "https://registry.yarnpkg.com/require-relative/-/require-relative-0.8.7.tgz"
  "version" "0.8.7"

"resolve-from@^4.0.0":
  "integrity" "sha512-pb/MYmXstAkysRFx8piNI1tGFNQIFA3vkE3Gq4EuA1dF6gHp/+vgZqsCGJapvy8N3Q+4o7FwvquPJcnZ7RYy4g=="
  "resolved" "https://registry.yarnpkg.com/resolve-from/-/resolve-from-4.0.0.tgz"
  "version" "4.0.0"

"resolve@^1.17.0", "resolve@^1.19.0":
  "integrity" "sha512-rArEXAgsBG4UgRGcynxWIWKFvh/XZCcS8UJdHhwy91zwAvCZIbcs+vAbflgBnNjYMs/i/i+/Ux6IZhML1yPvxg=="
  "resolved" "https://registry.yarnpkg.com/resolve/-/resolve-1.19.0.tgz"
  "version" "1.19.0"
  dependencies:
    "is-core-module" "^2.1.0"
    "path-parse" "^1.0.6"

"rollup-plugin-css-only@^3.0.0":
  "integrity" "sha512-v6ZZuApxXl/Z07jAmH+p5HsLPMW2BHIRJ4Tpxv22S+jpINZ1QFxWoeMDMyFDd+XM1jFcQeshkjuD8xUVOJJG7Q=="
  "resolved" "https://registry.yarnpkg.com/rollup-plugin-css-only/-/rollup-plugin-css-only-3.0.0.tgz"
  "version" "3.0.0"
  dependencies:
    "@rollup/pluginutils" "3 || 4"

"rollup-plugin-livereload@^2.0.0":
  "integrity" "sha512-oC/8NqumGYuphkqrfszOHUUIwzKsaHBICw6QRwT5uD07gvePTS+HW+GFwu6f9K8W02CUuTvtIM9AWJrbj4wE1A=="
  "resolved" "https://registry.yarnpkg.com/rollup-plugin-livereload/-/rollup-plugin-livereload-2.0.0.tgz"
  "version" "2.0.0"
  dependencies:
    "livereload" "^0.9.1"

"rollup-plugin-svelte@^7.0.0":
  "integrity" "sha512-cw4yv/5v1NQV3nPbpOJtikgkB+9mfSJaqKUdq7x5fVQJnwLtcdc2JOszBs5pBY+SemTs5pmJbdEMseEavbUtjQ=="
  "resolved" "https://registry.yarnpkg.com/rollup-plugin-svelte/-/rollup-plugin-svelte-7.0.0.tgz"
  "version" "7.0.0"
  dependencies:
    "require-relative" "^0.8.7"
    "rollup-pluginutils" "^2.8.2"

"rollup-plugin-terser@^7.0.0":
  "integrity" "sha512-w3iIaU4OxcF52UUXiZNsNeuXIMDvFrr+ZXK6bFZ0Q60qyVfq4uLptoS4bbq3paG3x216eQllFZX7zt6TIImguQ=="
  "resolved" "https://registry.yarnpkg.com/rollup-plugin-terser/-/rollup-plugin-terser-7.0.2.tgz"
  "version" "7.0.2"
  dependencies:
    "@babel/code-frame" "^7.10.4"
    "jest-worker" "^26.2.1"
    "serialize-javascript" "^4.0.0"
    "terser" "^5.0.0"

"rollup-pluginutils@^2.8.2":
  "integrity" "sha512-EEp9NhnUkwY8aif6bxgovPHMoMoNr2FulJziTndpt5H9RdwC47GSGuII9XxpSdzVGM0GWrNPHV6ie1LTNJPaLQ=="
  "resolved" "https://registry.yarnpkg.com/rollup-pluginutils/-/rollup-pluginutils-2.8.2.tgz"
  "version" "2.8.2"
  dependencies:
    "estree-walker" "^0.6.1"

"rollup@^1.20.0||^2.0.0", "rollup@^2.0.0", "rollup@^2.14.0", "rollup@^2.3.4", "rollup@^2.30.0", "rollup@>=2.0.0", "rollup@1 || 2":
  "integrity" "sha512-mvtQLqu3cNeoctS+kZ09iOPxrc1P1/Bt1z15enuQ5feyKOdM3MJAVFjjsygurDpSWn530xB4AlA83TWIzRstXA=="
  "resolved" "https://registry.yarnpkg.com/rollup/-/rollup-2.34.2.tgz"
  "version" "2.34.2"
  dependencies:
    "fsevents" "~2.1.2"
  optionalDependencies:
    "fsevents" "~2.1.2"

"sade@^1.6.0":
  "integrity" "sha512-y5yauMD93rX840MwUJr7C1ysLFBgMspsdTo4UVrDg3fXDvtwOyIqykhVAAm6fk/3au77773itJStObgK+LKaiA=="
  "resolved" "https://registry.yarnpkg.com/sade/-/sade-1.7.4.tgz"
  "version" "1.7.4"
  dependencies:
    "mri" "^1.1.0"

"safe-buffer@^5.1.0":
  "integrity" "sha512-rp3So07KcdmmKbGvgaNxQSJr7bGVSVk5S9Eq1F+ppbRo70+YeaDxkw5Dd8NPN+GD6bjnYm2VuPuCXmpuYvmCXQ=="
  "resolved" "https://registry.yarnpkg.com/safe-buffer/-/safe-buffer-5.2.1.tgz"
  "version" "5.2.1"

"sass@^1.26.8", "sass@^1.29.0":
  "integrity" "sha512-26EUhOXRLaUY7+mWuRFqGeGGNmhB1vblpTENO1Z7mAzzIZeVxZr9EZoaY1kyGLFWdSOZxRMAufiN2mkbO6dAlw=="
  "resolved" "https://registry.yarnpkg.com/sass/-/sass-1.30.0.tgz"
  "version" "1.30.0"
  dependencies:
    "chokidar" ">=2.0.0 <4.0.0"

"semiver@^1.0.0":
  "integrity" "sha512-QNI2ChmuioGC1/xjyYwyZYADILWyW6AmS1UH6gDj/SFUUUS4MBAWs/7mxnkRPc/F4iHezDP+O8t0dO8WHiEOdg=="
  "resolved" "https://registry.yarnpkg.com/semiver/-/semiver-1.1.0.tgz"
  "version" "1.1.0"

"serialize-javascript@^4.0.0":
  "integrity" "sha512-GaNA54380uFefWghODBWEGisLZFj00nS5ACs6yHa9nLqlLpVLO8ChDGeKRjZnV4Nh4n0Qi7nhYZD/9fCPzEqkw=="
  "resolved" "https://registry.yarnpkg.com/serialize-javascript/-/serialize-javascript-4.0.0.tgz"
  "version" "4.0.0"
  dependencies:
    "randombytes" "^2.1.0"

"simple-swizzle@^0.2.2":
  "integrity" "sha1-pNprY1/8zMoz9w0Xy5JZLeleVXo="
  "resolved" "https://registry.npmjs.org/simple-swizzle/-/simple-swizzle-0.2.2.tgz"
  "version" "0.2.2"
  dependencies:
    "is-arrayish" "^0.3.1"

"sirv-cli@^1.0.0":
  "integrity" "sha512-BOoJzQF0dADkpfoAEacv7Ev3URSHMZ/zk1oRFCyFlHiBHHAE99zr0lBapPhTzCEst66IgVeWaYtpL4N12uuTlw=="
  "resolved" "https://registry.yarnpkg.com/sirv-cli/-/sirv-cli-1.0.9.tgz"
  "version" "1.0.9"
  dependencies:
    "console-clear" "^1.1.0"
    "get-port" "^3.2.0"
    "kleur" "^3.0.0"
    "local-access" "^1.0.1"
    "sade" "^1.6.0"
    "semiver" "^1.0.0"
    "sirv" "^1.0.9"
    "tinydate" "^1.0.0"

"sirv@^1.0.9":
  "integrity" "sha512-ISwUxLRiB89/+9IeHkm0YUk+8NoFtcoxc8/nSnP2FIDR7UG2fsDSPH/KO2Fx/iw0b/T+2yhnFRbC59Yy5MFVvA=="
  "resolved" "https://registry.yarnpkg.com/sirv/-/sirv-1.0.9.tgz"
  "version" "1.0.9"
  dependencies:
    "@polka/url" "^1.0.0-next.9"
    "mime" "^2.3.1"
    "totalist" "^1.0.0"

"source-map-support@~0.5.19":
  "integrity" "sha512-Wonm7zOCIJzBGQdB+thsPar0kYuCIzYvxZwlBa87yi/Mdjv7Tip2cyVbLj5o0cFPN4EVkuTwb3GDDyUx2DGnGw=="
  "resolved" "https://registry.yarnpkg.com/source-map-support/-/source-map-support-0.5.19.tgz"
  "version" "0.5.19"
  dependencies:
    "buffer-from" "^1.0.0"
    "source-map" "^0.6.0"

"source-map@^0.6.0", "source-map@^0.6.1":
  "integrity" "sha512-UjgapumWlbMhkBgzT7Ykc5YXUT46F0iKu8SGXq0bcwP5dz/h0Plj6enJqjz1Zbq2l5WaqYnrVbwWOWMyF3F47g=="
  "resolved" "https://registry.yarnpkg.com/source-map/-/source-map-0.6.1.tgz"
  "version" "0.6.1"

"source-map@^0.7.3":
  "integrity" "sha512-CkCj6giN3S+n9qrYiBTX5gystlENnRW5jZeNLHpe6aue+SrHcG5VYwujhW9s4dY31mEGsxBDrHR6oI69fTXsaQ=="
  "resolved" "https://registry.yarnpkg.com/source-map/-/source-map-0.7.3.tgz"
  "version" "0.7.3"

"source-map@~0.7.2":
  "integrity" "sha512-CkCj6giN3S+n9qrYiBTX5gystlENnRW5jZeNLHpe6aue+SrHcG5VYwujhW9s4dY31mEGsxBDrHR6oI69fTXsaQ=="
  "resolved" "https://registry.yarnpkg.com/source-map/-/source-map-0.7.3.tgz"
  "version" "0.7.3"

"sourcemap-codec@^1.4.4":
  "integrity" "sha512-9NykojV5Uih4lgo5So5dtw+f0JgJX30KCNI8gwhz2J9A15wD0Ml6tjHKwf6fTSa6fAdVBdZeNOs9eJ71qCk8vA=="
  "resolved" "https://registry.yarnpkg.com/sourcemap-codec/-/sourcemap-codec-1.4.8.tgz"
  "version" "1.4.8"

"strip-indent@^3.0.0":
  "integrity" "sha512-laJTa3Jb+VQpaC6DseHhF7dXVqHTfJPCRDaEbid/drOhgitgYku/letMUqOXFoWV0zIIUbjpdH2t+tYj4bQMRQ=="
  "resolved" "https://registry.yarnpkg.com/strip-indent/-/strip-indent-3.0.0.tgz"
  "version" "3.0.0"
  dependencies:
    "min-indent" "^1.0.0"

"supports-color@^5.3.0", "supports-color@^5.4.0":
  "integrity" "sha512-QjVjwdXIt408MIiAqCX4oUKsgU2EqAGzs2Ppkm4aQYbjm+ZEWEcW4SfFNTr4uMNZma0ey4f5lgLrkB0aX0QMow=="
  "resolved" "https://registry.npmjs.org/supports-color/-/supports-color-5.5.0.tgz"
  "version" "5.5.0"
  dependencies:
    "has-flag" "^3.0.0"

"supports-color@^6.1.0":
  "integrity" "sha512-qe1jfm1Mg7Nq/NSh6XE24gPXROEVsWHxC1LIx//XNlD9iw7YZQGjZNjYN7xGaEG6iKdA8EtNFW6R0gjnVXp+wQ=="
  "resolved" "https://registry.npmjs.org/supports-color/-/supports-color-6.1.0.tgz"
  "version" "6.1.0"
  dependencies:
    "has-flag" "^3.0.0"

"supports-color@^7.0.0", "supports-color@^7.1.0":
  "integrity" "sha512-qpCAvRl9stuOHveKsn7HncJRvv501qIacKzQlO/+Lwxc9+0q2wLyv4Dfvt80/DPn2pqOBsJdDiogXGR9+OvwRw=="
  "resolved" "https://registry.yarnpkg.com/supports-color/-/supports-color-7.2.0.tgz"
  "version" "7.2.0"
  dependencies:
    "has-flag" "^4.0.0"

"svelte-check@^1.0.0":
  "integrity" "sha512-Ej0hM800sJ0PfJk0OFqhh2Pa4JOgkKjtY4fk5eC21iWCH5PH8BTKdzSOufi7MA5gY4j7zgpX6Wym37e4myZ8KA=="
  "resolved" "https://registry.yarnpkg.com/svelte-check/-/svelte-check-1.1.19.tgz"
  "version" "1.1.19"
  dependencies:
    "chalk" "^4.0.0"
    "chokidar" "^3.4.1"
    "glob" "^7.1.6"
    "import-fresh" "^3.2.1"
    "minimist" "^1.2.5"
    "source-map" "^0.7.3"
    "svelte-preprocess" "^4.0.0"
    "typescript" "*"

"svelte-preprocess@^4.0.0", "svelte-preprocess@^4.6.1":
  "integrity" "sha512-s7KdhR2pOsffyOzZIMEb315f6pfgeDnOWN47m6YKFeSEx3NMf/79Znc3vuG/Ai79SL/vsi86WDrjFPLGRfDesg=="
  "resolved" "https://registry.yarnpkg.com/svelte-preprocess/-/svelte-preprocess-4.6.1.tgz"
  "version" "4.6.1"
  dependencies:
    "@types/pug" "^2.0.4"
    "@types/sass" "^1.16.0"
    "detect-indent" "^6.0.0"
    "strip-indent" "^3.0.0"

"svelte@^3.0.0", "svelte@^3.2.0", "svelte@^3.23.0", "svelte@^3.24.0", "svelte@>=3.5.0":
  "integrity" "sha512-r+n8UJkDqoQm1b+3tA3Lh6mHXKpcfOSOuEuIo5gE2W9wQYi64RYX/qE6CZBDDsP/H4M+N426JwY7XGH4xASvGQ=="
  "resolved" "https://registry.yarnpkg.com/svelte/-/svelte-3.31.0.tgz"
  "version" "3.31.0"

"tailwindcss@^2.0.1":
  "integrity" "sha512-57G3jdcVBWTPkHCNSAfDAo1Qp2Nkr4H6WnLD0luNFh1td+KwQp9FOVcqj0SYBH6qwVQJawzT+0/zLxzKmyznGw=="
  "resolved" "https://registry.npmjs.org/tailwindcss/-/tailwindcss-2.0.1.tgz"
  "version" "2.0.1"
  dependencies:
    "@fullhuman/postcss-purgecss" "^3.0.0"
    "bytes" "^3.0.0"
    "chalk" "^4.1.0"
    "color" "^3.1.3"
    "detective" "^5.2.0"
    "didyoumean" "^1.2.1"
    "fs-extra" "^9.0.1"
    "html-tags" "^3.1.0"
    "lodash" "^4.17.20"
    "modern-normalize" "^1.0.0"
    "node-emoji" "^1.8.1"
    "object-hash" "^2.0.3"
    "postcss-functions" "^3"
    "postcss-js" "^3.0.3"
    "postcss-nested" "^5.0.1"
    "postcss-selector-parser" "^6.0.4"
    "postcss-value-parser" "^4.1.0"
    "pretty-hrtime" "^1.0.3"
    "reduce-css-calc" "^2.1.6"
    "resolve" "^1.19.0"

"terser@^5.0.0":
  "integrity" "sha512-6VGWZNVP2KTUcltUQJ25TtNjx/XgdDsBDKGt8nN0MpydU36LmbPPcMBd2kmtZNNGVVDLg44k7GKeHHj+4zPIBQ=="
  "resolved" "https://registry.yarnpkg.com/terser/-/terser-5.5.1.tgz"
  "version" "5.5.1"
  dependencies:
    "commander" "^2.20.0"
    "source-map" "~0.7.2"
    "source-map-support" "~0.5.19"

"tinydate@^1.0.0":
  "integrity" "sha512-7cR8rLy2QhYHpsBDBVYnnWXm8uRTr38RoZakFSW7Bs7PzfMPNZthuMLkwqZv7MTu8lhQ91cOFYS5a7iFj2oR3w=="
  "resolved" "https://registry.yarnpkg.com/tinydate/-/tinydate-1.3.0.tgz"
  "version" "1.3.0"

"to-regex-range@^5.0.1":
  "integrity" "sha512-65P7iz6X5yEr1cwcgvQxbbIw7Uk3gOy5dIdtZ4rDveLqhrdJP+Li/Hx6tyK0NEb+2GCyneCMJiGqrADCSNk8sQ=="
  "resolved" "https://registry.yarnpkg.com/to-regex-range/-/to-regex-range-5.0.1.tgz"
  "version" "5.0.1"
  dependencies:
    "is-number" "^7.0.0"

"totalist@^1.0.0":
  "integrity" "sha512-gduQwd1rOdDMGxFG1gEvhV88Oirdo2p+KjoYFU7k2g+i7n6AFFbDQ5kMPUsW0pNbfQsB/cwXvT1i4Bue0s9g5g=="
  "resolved" "https://registry.yarnpkg.com/totalist/-/totalist-1.1.0.tgz"
  "version" "1.1.0"

"tslib@*", "tslib@^2.0.0":
  "integrity" "sha512-uZtkfKblCEQtZKBF6EBXVZeQNl82yqtDQdv+eck8u7tdPxjLu2/lp5/uPW+um2tpuxINHWy3GhiccY7QgEaVHQ=="
  "resolved" "https://registry.yarnpkg.com/tslib/-/tslib-2.0.3.tgz"
  "version" "2.0.3"

"typescript@*":
  "integrity" "sha512-thGloWsGH3SOxv1SoY7QojKi0tc+8FnOmiarEGMbd/lar7QOEd3hvlx3Fp5y6FlDUGl9L+pd4n2e+oToGMmhRQ=="
  "resolved" "https://registry.yarnpkg.com/typescript/-/typescript-4.1.2.tgz"
  "version" "4.1.2"

"typescript@^3.9.5 || ^4.0.0", "typescript@^3.9.7", "typescript@>=3.4.0":
  "integrity" "sha512-BLbiRkiBzAwsjut4x/dsibSTB6yWpwT5qWmC2OfuCg3GgVQCSgMs4vEctYPhsaGtd0AeuuHMkjZ2h2WG8MSzRw=="
  "resolved" "https://registry.yarnpkg.com/typescript/-/typescript-3.9.7.tgz"
  "version" "3.9.7"

"uniq@^1.0.1":
  "integrity" "sha1-sxxa6CVIRKOoKBVBzisEuGWnNP8="
  "resolved" "https://registry.npmjs.org/uniq/-/uniq-1.0.1.tgz"
  "version" "1.0.1"

"universalify@^1.0.0":
  "integrity" "sha512-rb6X1W158d7pRQBg5gkR8uPaSfiids68LTJQYOtEUhoJUWBdaQHsuT/EUduxXYxcrt4r5PJ4fuHW1MHT6p0qug=="
  "resolved" "https://registry.npmjs.org/universalify/-/universalify-1.0.0.tgz"
  "version" "1.0.0"

"universalify@^2.0.0":
  "integrity" "sha512-hAZsKq7Yy11Zu1DE0OzWjw7nnLZmJZYTDZZyEFHZdUhV8FkH5MCfoU1XMaxXovpyW5nq5scPqq0ZDP9Zyl04oQ=="
  "resolved" "https://registry.npmjs.org/universalify/-/universalify-2.0.0.tgz"
  "version" "2.0.0"

"util-deprecate@^1.0.2":
  "integrity" "sha1-RQ1Nyfpw3nMnYvvS1KKJgUGaDM8="
  "resolved" "https://registry.npmjs.org/util-deprecate/-/util-deprecate-1.0.2.tgz"
  "version" "1.0.2"

"wrappy@1":
  "integrity" "sha1-tSQ9jz7BqjXxNkYFvA0QNuMKtp8="
  "resolved" "https://registry.yarnpkg.com/wrappy/-/wrappy-1.0.2.tgz"
  "version" "1.0.2"

"ws@^6.2.1":
  "integrity" "sha512-GIyAXC2cB7LjvpgMt9EKS2ldqr0MTrORaleiOno6TweZ6r3TKtoFQWay/2PceJ3RuBasOHzXNn5Lrw1X0bEjqA=="
  "resolved" "https://registry.yarnpkg.com/ws/-/ws-6.2.1.tgz"
  "version" "6.2.1"
  dependencies:
    "async-limiter" "~1.0.0"

"xtend@^4.0.2":
  "integrity" "sha512-LKYU1iAXJXUgAXn9URjiu+MWhyUXHsvfp7mcuYm9dSUKK0/CjtrUwFAxD82/mCWbtLsGjFIad0wIsod4zrTAEQ=="
  "resolved" "https://registry.npmjs.org/xtend/-/xtend-4.0.2.tgz"
  "version" "4.0.2"
